
Microsoft Visual Studio Solution File, Format Version 12.00
# Visual Studio Version 17
VisualStudioVersion = 17.5.33516.290
MinimumVisualStudioVersion = 10.0.40219.1
Project("{9A19103F-16F7-4668-BE54-9A1E7A4F7556}") = "Web Assignment 2", "Web Assignment 2\Web Assignment 2.csproj", "{FB8483DD-43E0-4363-A5EB-040F7940B884}"
EndProject
Global
	GlobalSection(SolutionConfigurationPlatforms) = preSolution
		Debug|Any CPU = Debug|Any CPU
		Release|Any CPU = Release|Any CPU
	EndGlobalSection
	GlobalSection(ProjectConfigurationPlatforms) = postSolution
		{FB8483DD-43E0-4363-A5EB-040F7940B884}.Debug|Any CPU.ActiveCfg = Debug|Any CPU
		{FB8483DD-43E0-4363-A5EB-040F7940B884}.Debug|Any CPU.Build.0 = Debug|Any CPU
		{FB8483DD-43E0-4363-A5EB-040F7940B884}.Release|Any CPU.ActiveCfg = Release|Any CPU
		{FB8483DD-43E0-4363-A5EB-040F7940B884}.Release|Any CPU.Build.0 = Release|Any CPU
	EndGlobalSection
	GlobalSection(SolutionProperties) = preSolution
		HideSolutionNode = FALSE
	EndGlobalSection
	GlobalSection(ExtensibilityGlobals) = postSolution
		SolutionGuid = {94A16609-0D47-4282-8720-ADBA724E836E}
	EndGlobalSection
EndGlobal
